
Microsoft Visual Studio Solution File, Format Version 12.00
# Visual Studio Version 16
VisualStudioVersion = 16.0.32510.428
MinimumVisualStudioVersion = 10.0.40219.1
Project("{888888A0-9F3D-457C-B088-3A5042F75D52}") = "Hellow", "Hellow.pyproj", "{B54C3C62-4027-4BEC-87A4-EADE3EA1D63B}"
EndProject
Global
	GlobalSection(SolutionConfigurationPlatforms) = preSolution
		Debug|Any CPU = Debug|Any CPU
		Release|Any CPU = Release|Any CPU
	EndGlobalSection
	GlobalSection(ProjectConfigurationPlatforms) = postSolution
		{B54C3C62-4027-4BEC-87A4-EADE3EA1D63B}.Debug|Any CPU.ActiveCfg = Debug|Any CPU
		{B54C3C62-4027-4BEC-87A4-EADE3EA1D63B}.Release|Any CPU.ActiveCfg = Release|Any CPU
	EndGlobalSection
	GlobalSection(SolutionProperties) = preSolution
		HideSolutionNode = FALSE
	EndGlobalSection
	GlobalSection(ExtensibilityGlobals) = postSolution
		SolutionGuid = {AD88F2BC-EAA2-41EB-943F-B29E2E3B5147}
	EndGlobalSection
EndGlobal
